PODS:
  - Flutter (1.0.0)
  - simple_animation_progress_bar (0.0.1):
    - Flutter

DEPENDENCIES:
  - Flutter (from `Flutter`)
  - simple_animation_progress_bar (from `.symlinks/plugins/simple_animation_progress_bar/ios`)

EXTERNAL SOURCES:
  Flutter:
    :path: Flutter
  simple_animation_progress_bar:
    :path: ".symlinks/plugins/simple_animation_progress_bar/ios"

SPEC CHECKSUMS:
  Flutter: f04841e97a9d0b0a8025694d0796dd46242b2854
  simple_animation_progress_bar: 3f818acdbd78de0a8c48ddd7fdc88e1998a7b33f

PODFILE CHECKSUM: 70d9d25280d0dd177a5f637cdb0f0b0b12c6a189

COCOAPODS: 1.12.1
